// !$*UTF8*$!
{
	archiveVersion = 1;
	classes = {
	};
	objectVersion = 50;
	objects = {

/* Begin PBXBuildFile section */
		38111965226CE64C00370E44 /* NSObject+ViewController_HttpCall.m in Sources */ = {isa = PBXBuildFile; fileRef = 38111964226CE64C00370E44 /* NSObject+ViewController_HttpCall.m */; };
		38353BD52268AFCC003ABCC5 /* AppDelegate.m in Sources */ = {isa = PBXBuildFile; fileRef = 38353BD42268AFCC003ABCC5 /* AppDelegate.m */; };
		38353BD82268AFCC003ABCC5 /* ViewController.m in Sources */ = {isa = PBXBuildFile; fileRef = 38353BD72268AFCC003ABCC5 /* ViewController.m */; };
		38353BDB2268AFCC003ABCC5 /* Main.storyboard in Resources */ = {isa = PBXBuildFile; fileRef = 38353BD92268AFCC003ABCC5 /* Main.storyboard */; };
		38353BDD2268AFCE003ABCC5 /* Assets.xcassets in Resources */ = {isa = PBXBuildFile; fileRef = 38353BDC2268AFCE003ABCC5 /* Assets.xcassets */; };
		38353BE02268AFCE003ABCC5 /* LaunchScreen.storyboard in Resources */ = {isa = PBXBuildFile; fileRef = 38353BDE2268AFCE003ABCC5 /* LaunchScreen.storyboard */; };
		38353BE32268AFCE003ABCC5 /* main.m in Sources */ = {isa = PBXBuildFile; fileRef = 38353BE22268AFCE003ABCC5 /* main.m */; };
		38353C0A2268B5CF003ABCC5 /* view.xib in Resources */ = {isa = PBXBuildFile; fileRef = 38353C092268B5CF003ABCC5 /* view.xib */; };
		38353C14226CACBA003ABCC5 /* localized.strings in Resources */ = {isa = PBXBuildFile; fileRef = 38353C13226CACBA003ABCC5 /* localized.strings */; };
/* End PBXBuildFile section */

/* Begin PBXFileReference section */
		38111963226CE64C00370E44 /* NSObject+ViewController_HttpCall.h */ = {isa = PBXFileReference; lastKnownFileType = sourcecode.c.h; path = "NSObject+ViewController_HttpCall.h"; sourceTree = "<group>"; };
		38111964226CE64C00370E44 /* NSObject+ViewController_HttpCall.m */ = {isa = PBXFileReference; lastKnownFileType = sourcecode.c.objc; path = "NSObject+ViewController_HttpCall.m"; sourceTree = "<group>"; };
		38353BD02268AFCC003ABCC5 /* Obje-COreally.app */ = {isa = PBXFileReference; explicitFileType = wrapper.application; includeInIndex = 0; path = "Obje-COreally.app"; sourceTree = BUILT_PRODUCTS_DIR; };
		38353BD32268AFCC003ABCC5 /* AppDelegate.h */ = {isa = PBXFileReference; lastKnownFileType = sourcecode.c.h; path = AppDelegate.h; sourceTree = "<group>"; };
		38353BD42268AFCC003ABCC5 /* AppDelegate.m */ = {isa = PBXFileReference; lastKnownFileType = sourcecode.c.objc; path = AppDelegate.m; sourceTree = "<group>"; };
		38353BD62268AFCC003ABCC5 /* ViewController.h */ = {isa = PBXFileReference; lastKnownFileType = sourcecode.c.h; path = ViewController.h; sourceTree = "<group>"; };
		38353BD72268AFCC003ABCC5 /* ViewController.m */ = {isa = PBXFileReference; lastKnownFileType = sourcecode.c.objc; path = ViewController.m; sourceTree = "<group>"; };
		38353BDC2268AFCE003ABCC5 /* Assets.xcassets */ = {isa = PBXFileReference; lastKnownFileType = folder.assetcatalog; path = Assets.xcassets; sourceTree = "<group>"; };
		38353BE12268AFCE003ABCC5 /* Info.plist */ = {isa = PBXFileReference; lastKnownFileType = text.plist.xml; path = Info.plist; sourceTree = "<group>"; };
		38353BE22268AFCE003ABCC5 /* main.m */ = {isa = PBXFileReference; lastKnownFileType = sourcecode.c.objc; path = main.m; sourceTree = "<group>"; };
		38353C092268B5CF003ABCC5 /* view.xib */ = {isa = PBXFileReference; lastKnownFileType = file.xib; path = view.xib; sourceTree = "<group>"; };
		38353C0D226CA001003ABCC5 /* Base */ = {isa = PBXFileReference; lastKnownFileType = file.storyboard; name = Base; path = Base.lproj/Main.storyboard; sourceTree = "<group>"; };
		38353C0E226CA001003ABCC5 /* Base */ = {isa = PBXFileReference; lastKnownFileType = file.storyboard; name = Base; path = Base.lproj/LaunchScreen.storyboard; sourceTree = "<group>"; };
		38353C0F226CA00A003ABCC5 /* es */ = {isa = PBXFileReference; lastKnownFileType = text.plist.strings; name = es; path = es.lproj/Main.strings; sourceTree = "<group>"; };
		38353C10226CA00B003ABCC5 /* es */ = {isa = PBXFileReference; lastKnownFileType = text.plist.strings; name = es; path = es.lproj/LaunchScreen.strings; sourceTree = "<group>"; };
		38353C13226CACBA003ABCC5 /* localized.strings */ = {isa = PBXFileReference; lastKnownFileType = text.plist.strings; path = localized.strings; sourceTree = "<group>"; };
		38353C15226CAE05003ABCC5 /* en */ = {isa = PBXFileReference; lastKnownFileType = text.plist.strings; name = en; path = en.lproj/Main.strings; sourceTree = "<group>"; };
/* End PBXFileReference section */

/* Begin PBXFrameworksBuildPhase section */
		38353BCD2268AFCC003ABCC5 /* Frameworks */ = {
			isa = PBXFrameworksBuildPhase;
			buildActionMask = 2147483647;
			files = (
			);
			runOnlyForDeploymentPostprocessing = 0;
		};
/* End PBXFrameworksBuildPhase section */

/* Begin PBXGroup section */
		38353BC72268AFCC003ABCC5 = {
			isa = PBXGroup;
			children = (
				38353BD22268AFCC003ABCC5 /* Obje-COreally */,
				38353BD12268AFCC003ABCC5 /* Products */,
			);
			sourceTree = "<group>";
		};
		38353BD12268AFCC003ABCC5 /* Products */ = {
			isa = PBXGroup;
			children = (
				38353BD02268AFCC003ABCC5 /* Obje-COreally.app */,
			);
			name = Products;
			sourceTree = "<group>";
		};
		38353BD22268AFCC003ABCC5 /* Obje-COreally */ = {
			isa = PBXGroup;
			children = (
				38353BD32268AFCC003ABCC5 /* AppDelegate.h */,
				38353BD42268AFCC003ABCC5 /* AppDelegate.m */,
				38353BD62268AFCC003ABCC5 /* ViewController.h */,
				38353BD72268AFCC003ABCC5 /* ViewController.m */,
				38353BD92268AFCC003ABCC5 /* Main.storyboard */,
				38353BDC2268AFCE003ABCC5 /* Assets.xcassets */,
				38353BDE2268AFCE003ABCC5 /* LaunchScreen.storyboard */,
				38353BE12268AFCE003ABCC5 /* Info.plist */,
				38353BE22268AFCE003ABCC5 /* main.m */,
				38353C092268B5CF003ABCC5 /* view.xib */,
				38353C13226CACBA003ABCC5 /* localized.strings */,
				38111963226CE64C00370E44 /* NSObject+ViewController_HttpCall.h */,
				38111964226CE64C00370E44 /* NSObject+ViewController_HttpCall.m */,
			);
			path = "Obje-COreally";
			sourceTree = "<group>";
		};
/* End PBXGroup section */

/* Begin PBXNativeTarget section */
		38353BCF2268AFCC003ABCC5 /* Obje-COreally */ = {
			isa = PBXNativeTarget;
			buildConfigurationList = 38353BE62268AFCE003ABCC5 /* Build configuration list for PBXNativeTarget "Obje-COreally" */;
			buildPhases = (
				38353BCC2268AFCC003ABCC5 /* Sources */,
				38353BCD2268AFCC003ABCC5 /* Frameworks */,
				38353BCE2268AFCC003ABCC5 /* Resources */,
			);
			buildRules = (
			);
			dependencies = (
			);
			name = "Obje-COreally";
			productName = "Obje-COreally";
			productReference = 38353BD02268AFCC003ABCC5 /* Obje-COreally.app */;
			productType = "com.apple.product-type.application";
		};
/* End PBXNativeTarget section */

/* Begin PBXProject section */
		38353BC82268AFCC003ABCC5 /* Project object */ = {
			isa = PBXProject;
			attributes = {
				LastUpgradeCheck = 1010;
				ORGANIZATIONNAME = "Akash Soni";
				TargetAttributes = {
					38353BCF2268AFCC003ABCC5 = {
						CreatedOnToolsVersion = 10.1;
					};
				};
			};
			buildConfigurationList = 38353BCB2268AFCC003ABCC5 /* Build configuration list for PBXProject "Obje-COreally" */;
			compatibilityVersion = "Xcode 9.3";
			developmentRegion = en;
			hasScannedForEncodings = 0;
			knownRegions = (
				en,
				Base,
			);
			mainGroup = 38353BC72268AFCC003ABCC5;
			productRefGroup = 38353BD12268AFCC003ABCC5 /* Products */;
			projectDirPath = "";
			projectRoot = "";
			targets = (
				38353BCF2268AFCC003ABCC5 /* Obje-COreally */,
			);
		};
/* End PBXProject section */

/* Begin PBXResourcesBuildPhase section */
		38353BCE2268AFCC003ABCC5 /* Resources */ = {
			isa = PBXResourcesBuildPhase;
			buildActionMask = 2147483647;
			files = (
				38353C0A2268B5CF003ABCC5 /* view.xib in Resources */,
				38353BE02268AFCE003ABCC5 /* LaunchScreen.storyboard in Resources */,
				38353C14226CACBA003ABCC5 /* localized.strings in Resources */,
				38353BDD2268AFCE003ABCC5 /* Assets.xcassets in Resources */,
				38353BDB2268AFCC003ABCC5 /* Main.storyboard in Resources */,
			);
			runOnlyForDeploymentPostprocessing = 0;
		};
/* End PBXResourcesBuildPhase section */

/* Begin PBXSourcesBuildPhase section */
		38353BCC2268AFCC003ABCC5 /* Sources */ = {
			isa = PBXSourcesBuildPhase;
			buildActionMask = 2147483647;
			files = (
				38353BD82268AFCC003ABCC5 /* ViewController.m in Sources */,
				38353BE32268AFCE003ABCC5 /* main.m in Sources */,
				38111965226CE64C00370E44 /* NSObject+ViewController_HttpCall.m in Sources */,
				38353BD52268AFCC003ABCC5 /* AppDelegate.m in Sources */,
			);
			runOnlyForDeploymentPostprocessing = 0;
		};
/* End PBXSourcesBuildPhase section */

/* Begin PBXVariantGroup section */
		38353BD92268AFCC003ABCC5 /* Main.storyboard */ = {
			isa = PBXVariantGroup;
			children = (
				38353C0D226CA001003ABCC5 /* Base */,
				38353C0F226CA00A003ABCC5 /* es */,
				38353C15226CAE05003ABCC5 /* en */,
			);
			name = Main.storyboard;
			sourceTree = "<group>";
		};
		38353BDE2268AFCE003ABCC5 /* LaunchScreen.storyboard */ = {
			isa = PBXVariantGroup;
			children = (
				38353C0E226CA001003ABCC5 /* Base */,
				38353C10226CA00B003ABCC5 /* es */,
			);
			name = LaunchScreen.storyboard;
			sourceTree = "<group>";
		};
/* End PBXVariantGroup section */

/* Begin XCBuildConfiguration section */
		38353BE42268AFCE003ABCC5 /* Debug */ = {
			isa = XCBuildConfiguration;
			buildSettings = {
				ALWAYS_SEARCH_USER_PATHS = NO;
				CLANG_ANALYZER_LOCALIZABILITY_NONLOCALIZED = YES;
				CLANG_ANALYZER_NONNULL = YES;
				CLANG_ANALYZER_NUMBER_OBJECT_CONVERSION = YES_AGGRESSIVE;
				CLANG_CXX_LANGUAGE_STANDARD = "gnu++14";
				CLANG_CXX_LIBRARY = "libc++";
				CLANG_ENABLE_MODULES = YES;
				CLANG_ENABLE_OBJC_ARC = YES;
				CLANG_ENABLE_OBJC_WEAK = YES;
				CLANG_WARN_BLOCK_CAPTURE_AUTORELEASING = YES;
				CLANG_WARN_BOOL_CONVERSION = YES;
				CLANG_WARN_COMMA = YES;
				CLANG_WARN_CONSTANT_CONVERSION = YES;
				CLANG_WARN_DEPRECATED_OBJC_IMPLEMENTATIONS = YES;
				CLANG_WARN_DIRECT_OBJC_ISA_USAGE = YES_ERROR;
				CLANG_WARN_DOCUMENTATION_COMMENTS = YES;
				CLANG_WARN_EMPTY_BODY = YES;
				CLANG_WARN_ENUM_CONVERSION = YES;
				CLANG_WARN_INFINITE_RECURSION = YES;
				CLANG_WARN_INT_CONVERSION = YES;
				CLANG_WARN_NON_LITERAL_NULL_CONVERSION = YES;
				CLANG_WARN_OBJC_IMPLICIT_RETAIN_SELF = YES;
				CLANG_WARN_OBJC_LITERAL_CONVERSION = YES;
				CLANG_WARN_OBJC_ROOT_CLASS = YES_ERROR;
				CLANG_WARN_RANGE_LOOP_ANALYSIS = YES;
				CLANG_WARN_STRICT_PROTOTYPES = YES;
				CLANG_WARN_SUSPICIOUS_MOVE = YES;
				CLANG_WARN_UNGUARDED_AVAILABILITY = YES_AGGRESSIVE;
				CLANG_WARN_UNREACHABLE_CODE = YES;
				CLANG_WARN__DUPLICATE_METHOD_MATCH = YES;
				CODE_SIGN_IDENTITY = "iPhone Developer";
				COPY_PHASE_STRIP = NO;
				DEBUG_INFORMATION_FORMAT = dwarf;
				ENABLE_STRICT_OBJC_MSGSEND = YES;
				ENABLE_TESTABILITY = YES;
				GCC_C_LANGUAGE_STANDARD = gnu11;
				GCC_DYNAMIC_NO_PIC = NO;
				GCC_NO_COMMON_BLOCKS = YES;
				GCC_OPTIMIZATION_LEVEL = 0;
				GCC_PREPROCESSOR_DEFINITIONS = (
					"DEBUG=1",
					"$(inherited)",
				);
				GCC_WARN_64_TO_32_BIT_CONVERSION = YES;
				GCC_WARN_ABOUT_RETURN_TYPE = YES_ERROR;
				GCC_WARN_UNDECLARED_SELECTOR = YES;
				GCC_WARN_UNINITIALIZED_AUTOS = YES_AGGRESSIVE;
				GCC_WARN_UNUSED_FUNCTION = YES;
				GCC_WARN_UNUSED_VARIABLE = YES;
				IPHONEOS_DEPLOYMENT_TARGET = 12.1;
				MTL_ENABLE_DEBUG_INFO = INCLUDE_SOURCE;
				MTL_FAST_MATH = YES;
				ONLY_ACTIVE_ARCH = YES;
				SDKROOT = iphoneos;
			};
			name = Debug;
		};
		38353BE52268AFCE003ABCC5 /* Release */ = {
			isa = XCBuildConfiguration;
			buildSettings = {
				ALWAYS_SEARCH_USER_PATHS = NO;
				CLANG_ANALYZER_LOCALIZABILITY_NONLOCALIZED = YES;
				CLANG_ANALYZER_NONNULL = YES;
				CLANG_ANALYZER_NUMBER_OBJECT_CONVERSION = YES_AGGRESSIVE;
				CLANG_CXX_LANGUAGE_STANDARD = "gnu++14";
				CLANG_CXX_LIBRARY = "libc++";
				CLANG_ENABLE_MODULES = YES;
				CLANG_ENABLE_OBJC_ARC = YES;
				CLANG_ENABLE_OBJC_WEAK = YES;
				CLANG_WARN_BLOCK_CAPTURE_AUTORELEASING = YES;
				CLANG_WARN_BOOL_CONVERSION = YES;
				CLANG_WARN_COMMA = YES;
				CLANG_WARN_CONSTANT_CONVERSION = YES;
				CLANG_WARN_DEPRECATED_OBJC_IMPLEMENTATIONS = YES;
				CLANG_WARN_DIRECT_OBJC_ISA_USAGE = YES_ERROR;
				CLANG_WARN_DOCUMENTATION_COMMENTS = YES;
				CLANG_WARN_EMPTY_BODY = YES;
				CLANG_WARN_ENUM_CONVERSION = YES;
				CLANG_WARN_INFINITE_RECURSION = YES;
				CLANG_WARN_INT_CONVERSION = YES;
				CLANG_WARN_NON_LITERAL_NULL_CONVERSION = YES;
				CLANG_WARN_OBJC_IMPLICIT_RETAIN_SELF = YES;
				CLANG_WARN_OBJC_LITERAL_CONVERSION = YES;
				CLANG_WARN_OBJC_ROOT_CLASS = YES_ERROR;
				CLANG_WARN_RANGE_LOOP_ANALYSIS = YES;
				CLANG_WARN_STRICT_PROTOTYPES = YES;
				CLANG_WARN_SUSPICIOUS_MOVE = YES;
				CLANG_WARN_UNGUARDED_AVAILABILITY = YES_AGGRESSIVE;
				CLANG_WARN_UNREACHABLE_CODE = YES;
				CLANG_WARN__DUPLICATE_METHOD_MATCH = YES;
				CODE_SIGN_IDENTITY = "iPhone Developer";
				COPY_PHASE_STRIP = NO;
				DEBUG_INFORMATION_FORMAT = "dwarf-with-dsym";
				ENABLE_NS_ASSERTIONS = NO;
				ENABLE_STRICT_OBJC_MSGSEND = YES;
				GCC_C_LANGUAGE_STANDARD = gnu11;
				GCC_NO_COMMON_BLOCKS = YES;
				GCC_WARN_64_TO_32_BIT_CONVERSION = YES;
				GCC_WARN_ABOUT_RETURN_TYPE = YES_ERROR;
				GCC_WARN_UNDECLARED_SELECTOR = YES;
				GCC_WARN_UNINITIALIZED_AUTOS = YES_AGGRESSIVE;
				GCC_WARN_UNUSED_FUNCTION = YES;
				GCC_WARN_UNUSED_VARIABLE = YES;
				IPHONEOS_DEPLOYMENT_TARGET = 12.1;
				MTL_ENABLE_DEBUG_INFO = NO;
				MTL_FAST_MATH = YES;
				SDKROOT = iphoneos;
				VALIDATE_PRODUCT = YES;
			};
			name = Release;
		};
		38353BE72268AFCE003ABCC5 /* Debug */ = {
			isa = XCBuildConfiguration;
			buildSettings = {
				ASSETCATALOG_COMPILER_APPICON_NAME = AppIcon;
				CODE_SIGN_STYLE = Manual;
				DEVELOPMENT_TEAM = "";
				INFOPLIST_FILE = "Obje-COreally/Info.plist";
				LD_RUNPATH_SEARCH_PATHS = (
					"$(inherited)",
					"@executable_path/Frameworks",
				);
				PRODUCT_BUNDLE_IDENTIFIER = "com.code.Obje-COreally";
				PRODUCT_NAME = "$(TARGET_NAME)";
				PROVISIONING_PROFILE_SPECIFIER = "";
				TARGETED_DEVICE_FAMILY = "1,2";
			};
			name = Debug;
		};
		38353BE82268AFCE003ABCC5 /* Release */ = {
			isa = XCBuildConfiguration;
			buildSettings = {
				ASSETCATALOG_COMPILER_APPICON_NAME = AppIcon;
				CODE_SIGN_STYLE = Manual;
				DEVELOPMENT_TEAM = "";
				INFOPLIST_FILE = "Obje-COreally/Info.plist";
				LD_RUNPATH_SEARCH_PATHS = (
					"$(inherited)",
					"@executable_path/Frameworks",
				);
				PRODUCT_BUNDLE_IDENTIFIER = "com.code.Obje-COreally";
				PRODUCT_NAME = "$(TARGET_NAME)";
				PROVISIONING_PROFILE_SPECIFIER = "";
				TARGETED_DEVICE_FAMILY = "1,2";
			};
			name = Release;
		};
/* End XCBuildConfiguration section */

/* Begin XCConfigurationList section */
		38353BCB2268AFCC003ABCC5 /* Build configuration list for PBXProject "Obje-COreally" */ = {
			isa = XCConfigurationList;
			buildConfigurations = (
				38353BE42268AFCE003ABCC5 /* Debug */,
				38353BE52268AFCE003ABCC5 /* Release */,
			);
			defaultConfigurationIsVisible = 0;
			defaultConfigurationName = Release;
		};
		38353BE62268AFCE003ABCC5 /* Build configuration list for PBXNativeTarget "Obje-COreally" */ = {
			isa = XCConfigurationList;
			buildConfigurations = (
				38353BE72268AFCE003ABCC5 /* Debug */,
				38353BE82268AFCE003ABCC5 /* Release */,
			);
			defaultConfigurationIsVisible = 0;
			defaultConfigurationName = Release;
		};
/* End XCConfigurationList section */
	};
	rootObject = 38353BC82268AFCC003ABCC5 /* Project object */;
}
